// !$*UTF8*$!
{
	archiveVersion = 1;
	classes = {
	};
	objectVersion = 50;
	objects = {

/* Begin PBXBuildFile section */
		232808FC25763797001ED7CF /* QuizBrain.swift in Sources */ = {isa = PBXBuildFile; fileRef = 232808FB25763797001ED7CF /* QuizBrain.swift */; };
		237E9BC72575068A006232F5 /* AppDelegate.swift in Sources */ = {isa = PBXBuildFile; fileRef = 237E9BC62575068A006232F5 /* AppDelegate.swift */; };
		237E9BC92575068A006232F5 /* SceneDelegate.swift in Sources */ = {isa = PBXBuildFile; fileRef = 237E9BC82575068A006232F5 /* SceneDelegate.swift */; };
		237E9BCB2575068A006232F5 /* ViewController.swift in Sources */ = {isa = PBXBuildFile; fileRef = 237E9BCA2575068A006232F5 /* ViewController.swift */; };
		237E9BCE2575068A006232F5 /* Main.storyboard in Resources */ = {isa = PBXBuildFile; fileRef = 237E9BCC2575068A006232F5 /* Main.storyboard */; };
		237E9BD02575068B006232F5 /* Assets.xcassets in Resources */ = {isa = PBXBuildFile; fileRef = 237E9BCF2575068B006232F5 /* Assets.xcassets */; };
		237E9BD32575068B006232F5 /* LaunchScreen.storyboard in Resources */ = {isa = PBXBuildFile; fileRef = 237E9BD12575068B006232F5 /* LaunchScreen.storyboard */; };
		237E9BDB25750798006232F5 /* buttonBorder.swift in Sources */ = {isa = PBXBuildFile; fileRef = 237E9BDA25750798006232F5 /* buttonBorder.swift */; };
		2395906625757C05005C48AC /* Question.swift in Sources */ = {isa = PBXBuildFile; fileRef = 2395906525757C05005C48AC /* Question.swift */; };
/* End PBXBuildFile section */

/* Begin PBXFileReference section */
		232808FB25763797001ED7CF /* QuizBrain.swift */ = {isa = PBXFileReference; lastKnownFileType = sourcecode.swift; path = QuizBrain.swift; sourceTree = "<group>"; };
		237E9BC32575068A006232F5 /* Quizzlet2.app */ = {isa = PBXFileReference; explicitFileType = wrapper.application; includeInIndex = 0; path = Quizzlet2.app; sourceTree = BUILT_PRODUCTS_DIR; };
		237E9BC62575068A006232F5 /* AppDelegate.swift */ = {isa = PBXFileReference; lastKnownFileType = sourcecode.swift; path = AppDelegate.swift; sourceTree = "<group>"; };
		237E9BC82575068A006232F5 /* SceneDelegate.swift */ = {isa = PBXFileReference; lastKnownFileType = sourcecode.swift; path = SceneDelegate.swift; sourceTree = "<group>"; };
		237E9BCA2575068A006232F5 /* ViewController.swift */ = {isa = PBXFileReference; lastKnownFileType = sourcecode.swift; path = ViewController.swift; sourceTree = "<group>"; };
		237E9BCD2575068A006232F5 /* Base */ = {isa = PBXFileReference; lastKnownFileType = file.storyboard; name = Base; path = Base.lproj/Main.storyboard; sourceTree = "<group>"; };
		237E9BCF2575068B006232F5 /* Assets.xcassets */ = {isa = PBXFileReference; lastKnownFileType = folder.assetcatalog; path = Assets.xcassets; sourceTree = "<group>"; };
		237E9BD22575068B006232F5 /* Base */ = {isa = PBXFileReference; lastKnownFileType = file.storyboard; name = Base; path = Base.lproj/LaunchScreen.storyboard; sourceTree = "<group>"; };
		237E9BD42575068B006232F5 /* Info.plist */ = {isa = PBXFileReference; lastKnownFileType = text.plist.xml; path = Info.plist; sourceTree = "<group>"; };
		237E9BDA25750798006232F5 /* buttonBorder.swift */ = {isa = PBXFileReference; lastKnownFileType = sourcecode.swift; path = buttonBorder.swift; sourceTree = "<group>"; };
		2395906525757C05005C48AC /* Question.swift */ = {isa = PBXFileReference; lastKnownFileType = sourcecode.swift; path = Question.swift; sourceTree = "<group>"; };
/* End PBXFileReference section */

/* Begin PBXFrameworksBuildPhase section */
		237E9BC02575068A006232F5 /* Frameworks */ = {
			isa = PBXFrameworksBuildPhase;
			buildActionMask = 2147483647;
			files = (
			);
			runOnlyForDeploymentPostprocessing = 0;
		};
/* End PBXFrameworksBuildPhase section */

/* Begin PBXGroup section */
		232808F8257633F3001ED7CF /* Controller */ = {
			isa = PBXGroup;
			children = (
				237E9BCA2575068A006232F5 /* ViewController.swift */,
			);
			path = Controller;
			sourceTree = "<group>";
		};
		232808F9257633FF001ED7CF /* View */ = {
			isa = PBXGroup;
			children = (
				237E9BCC2575068A006232F5 /* Main.storyboard */,
			);
			path = View;
			sourceTree = "<group>";
		};
		232808FA2576341C001ED7CF /* Model */ = {
			isa = PBXGroup;
			children = (
				237E9BDA25750798006232F5 /* buttonBorder.swift */,
				2395906525757C05005C48AC /* Question.swift */,
				232808FB25763797001ED7CF /* QuizBrain.swift */,
			);
			path = Model;
			sourceTree = "<group>";
		};
		237E9BBA2575068A006232F5 = {
			isa = PBXGroup;
			children = (
				237E9BC52575068A006232F5 /* Quizzlet2 */,
				237E9BC42575068A006232F5 /* Products */,
			);
			sourceTree = "<group>";
		};
		237E9BC42575068A006232F5 /* Products */ = {
			isa = PBXGroup;
			children = (
				237E9BC32575068A006232F5 /* Quizzlet2.app */,
			);
			name = Products;
			sourceTree = "<group>";
		};
		237E9BC52575068A006232F5 /* Quizzlet2 */ = {
			isa = PBXGroup;
			children = (
				237E9BC62575068A006232F5 /* AppDelegate.swift */,
				237E9BC82575068A006232F5 /* SceneDelegate.swift */,
				232808FA2576341C001ED7CF /* Model */,
				232808F9257633FF001ED7CF /* View */,
				232808F8257633F3001ED7CF /* Controller */,
				237E9BCF2575068B006232F5 /* Assets.xcassets */,
				237E9BD12575068B006232F5 /* LaunchScreen.storyboard */,
				237E9BD42575068B006232F5 /* Info.plist */,
			);
			path = Quizzlet2;
			sourceTree = "<group>";
		};
/* End PBXGroup section */

/* Begin PBXNativeTarget section */
		237E9BC22575068A006232F5 /* Quizzlet2 */ = {
			isa = PBXNativeTarget;
			buildConfigurationList = 237E9BD72575068B006232F5 /* Build configuration list for PBXNativeTarget "Quizzlet2" */;
			buildPhases = (
				237E9BBF2575068A006232F5 /* Sources */,
				237E9BC02575068A006232F5 /* Frameworks */,
				237E9BC12575068A006232F5 /* Resources */,
			);
			buildRules = (
			);
			dependencies = (
			);
			name = Quizzlet2;
			productName = Quizzlet2;
			productReference = 237E9BC32575068A006232F5 /* Quizzlet2.app */;
			productType = "com.apple.product-type.application";
		};
/* End PBXNativeTarget section */

/* Begin PBXProject section */
		237E9BBB2575068A006232F5 /* Project object */ = {
			isa = PBXProject;
			attributes = {
				LastSwiftUpdateCheck = 1160;
				LastUpgradeCheck = 1160;
				ORGANIZATIONNAME = "Жанадил";
				TargetAttributes = {
					237E9BC22575068A006232F5 = {
						CreatedOnToolsVersion = 11.6;
					};
				};
			};
			buildConfigurationList = 237E9BBE2575068A006232F5 /* Build configuration list for PBXProject "Quizzlet2" */;
			compatibilityVersion = "Xcode 9.3";
			developmentRegion = en;
			hasScannedForEncodings = 0;
			knownRegions = (
				en,
				Base,
			);
			mainGroup = 237E9BBA2575068A006232F5;
			productRefGroup = 237E9BC42575068A006232F5 /* Products */;
			projectDirPath = "";
			projectRoot = "";
			targets = (
				237E9BC22575068A006232F5 /* Quizzlet2 */,
			);
		};
/* End PBXProject section */

/* Begin PBXResourcesBuildPhase section */
		237E9BC12575068A006232F5 /* Resources */ = {
			isa = PBXResourcesBuildPhase;
			buildActionMask = 2147483647;
			files = (
				237E9BD32575068B006232F5 /* LaunchScreen.storyboard in Resources */,
				237E9BD02575068B006232F5 /* Assets.xcassets in Resources */,
				237E9BCE2575068A006232F5 /* Main.storyboard in Resources */,
			);
			runOnlyForDeploymentPostprocessing = 0;
		};
/* End PBXResourcesBuildPhase section */

/* Begin PBXSourcesBuildPhase section */
		237E9BBF2575068A006232F5 /* Sources */ = {
			isa = PBXSourcesBuildPhase;
			buildActionMask = 2147483647;
			files = (
				2395906625757C05005C48AC /* Question.swift in Sources */,
				237E9BCB2575068A006232F5 /* ViewController.swift in Sources */,
				237E9BC72575068A006232F5 /* AppDelegate.swift in Sources */,
				232808FC25763797001ED7CF /* QuizBrain.swift in Sources */,
				237E9BC92575068A006232F5 /* SceneDelegate.swift in Sources */,
				237E9BDB25750798006232F5 /* buttonBorder.swift in Sources */,
			);
			runOnlyForDeploymentPostprocessing = 0;
		};
/* End PBXSourcesBuildPhase section */

/* Begin PBXVariantGroup section */
		237E9BCC2575068A006232F5 /* Main.storyboard */ = {
			isa = PBXVariantGroup;
			children = (
				237E9BCD2575068A006232F5 /* Base */,
			);
			name = Main.storyboard;
			sourceTree = "<group>";
		};
		237E9BD12575068B006232F5 /* LaunchScreen.storyboard */ = {
			isa = PBXVariantGroup;
			children = (
				237E9BD22575068B006232F5 /* Base */,
			);
			name = LaunchScreen.storyboard;
			sourceTree = "<group>";
		};
/* End PBXVariantGroup section */

/* Begin XCBuildConfiguration section */
		237E9BD52575068B006232F5 /* Debug */ = {
			isa = XCBuildConfiguration;
			buildSettings = {
				ALWAYS_SEARCH_USER_PATHS = NO;
				CLANG_ANALYZER_NONNULL = YES;
				CLANG_ANALYZER_NUMBER_OBJECT_CONVERSION = YES_AGGRESSIVE;
				CLANG_CXX_LANGUAGE_STANDARD = "gnu++14";
				CLANG_CXX_LIBRARY = "libc++";
				CLANG_ENABLE_MODULES = YES;
				CLANG_ENABLE_OBJC_ARC = YES;
				CLANG_ENABLE_OBJC_WEAK = YES;
				CLANG_WARN_BLOCK_CAPTURE_AUTORELEASING = YES;
				CLANG_WARN_BOOL_CONVERSION = YES;
				CLANG_WARN_COMMA = YES;
				CLANG_WARN_CONSTANT_CONVERSION = YES;
				CLANG_WARN_DEPRECATED_OBJC_IMPLEMENTATIONS = YES;
				CLANG_WARN_DIRECT_OBJC_ISA_USAGE = YES_ERROR;
				CLANG_WARN_DOCUMENTATION_COMMENTS = YES;
				CLANG_WARN_EMPTY_BODY = YES;
				CLANG_WARN_ENUM_CONVERSION = YES;
				CLANG_WARN_INFINITE_RECURSION = YES;
				CLANG_WARN_INT_CONVERSION = YES;
				CLANG_WARN_NON_LITERAL_NULL_CONVERSION = YES;
				CLANG_WARN_OBJC_IMPLICIT_RETAIN_SELF = YES;
				CLANG_WARN_OBJC_LITERAL_CONVERSION = YES;
				CLANG_WARN_OBJC_ROOT_CLASS = YES_ERROR;
				CLANG_WARN_RANGE_LOOP_ANALYSIS = YES;
				CLANG_WARN_STRICT_PROTOTYPES = YES;
				CLANG_WARN_SUSPICIOUS_MOVE = YES;
				CLANG_WARN_UNGUARDED_AVAILABILITY = YES_AGGRESSIVE;
				CLANG_WARN_UNREACHABLE_CODE = YES;
				CLANG_WARN__DUPLICATE_METHOD_MATCH = YES;
				COPY_PHASE_STRIP = NO;
				DEBUG_INFORMATION_FORMAT = dwarf;
				ENABLE_STRICT_OBJC_MSGSEND = YES;
				ENABLE_TESTABILITY = YES;
				GCC_C_LANGUAGE_STANDARD = gnu11;
				GCC_DYNAMIC_NO_PIC = NO;
				GCC_NO_COMMON_BLOCKS = YES;
				GCC_OPTIMIZATION_LEVEL = 0;
				GCC_PREPROCESSOR_DEFINITIONS = (
					"DEBUG=1",
					"$(inherited)",
				);
				GCC_WARN_64_TO_32_BIT_CONVERSION = YES;
				GCC_WARN_ABOUT_RETURN_TYPE = YES_ERROR;
				GCC_WARN_UNDECLARED_SELECTOR = YES;
				GCC_WARN_UNINITIALIZED_AUTOS = YES_AGGRESSIVE;
				GCC_WARN_UNUSED_FUNCTION = YES;
				GCC_WARN_UNUSED_VARIABLE = YES;
				IPHONEOS_DEPLOYMENT_TARGET = 13.6;
				MTL_ENABLE_DEBUG_INFO = INCLUDE_SOURCE;
				MTL_FAST_MATH = YES;
				ONLY_ACTIVE_ARCH = YES;
				SDKROOT = iphoneos;
				SWIFT_ACTIVE_COMPILATION_CONDITIONS = DEBUG;
				SWIFT_OPTIMIZATION_LEVEL = "-Onone";
			};
			name = Debug;
		};
		237E9BD62575068B006232F5 /* Release */ = {
			isa = XCBuildConfiguration;
			buildSettings = {
				ALWAYS_SEARCH_USER_PATHS = NO;
				CLANG_ANALYZER_NONNULL = YES;
				CLANG_ANALYZER_NUMBER_OBJECT_CONVERSION = YES_AGGRESSIVE;
				CLANG_CXX_LANGUAGE_STANDARD = "gnu++14";
				CLANG_CXX_LIBRARY = "libc++";
				CLANG_ENABLE_MODULES = YES;
				CLANG_ENABLE_OBJC_ARC = YES;
				CLANG_ENABLE_OBJC_WEAK = YES;
				CLANG_WARN_BLOCK_CAPTURE_AUTORELEASING = YES;
				CLANG_WARN_BOOL_CONVERSION = YES;
				CLANG_WARN_COMMA = YES;
				CLANG_WARN_CONSTANT_CONVERSION = YES;
				CLANG_WARN_DEPRECATED_OBJC_IMPLEMENTATIONS = YES;
				CLANG_WARN_DIRECT_OBJC_ISA_USAGE = YES_ERROR;
				CLANG_WARN_DOCUMENTATION_COMMENTS = YES;
				CLANG_WARN_EMPTY_BODY = YES;
				CLANG_WARN_ENUM_CONVERSION = YES;
				CLANG_WARN_INFINITE_RECURSION = YES;
				CLANG_WARN_INT_CONVERSION = YES;
				CLANG_WARN_NON_LITERAL_NULL_CONVERSION = YES;
				CLANG_WARN_OBJC_IMPLICIT_RETAIN_SELF = YES;
				CLANG_WARN_OBJC_LITERAL_CONVERSION = YES;
				CLANG_WARN_OBJC_ROOT_CLASS = YES_ERROR;
				CLANG_WARN_RANGE_LOOP_ANALYSIS = YES;
				CLANG_WARN_STRICT_PROTOTYPES = YES;
				CLANG_WARN_SUSPICIOUS_MOVE = YES;
				CLANG_WARN_UNGUARDED_AVAILABILITY = YES_AGGRESSIVE;
				CLANG_WARN_UNREACHABLE_CODE = YES;
				CLANG_WARN__DUPLICATE_METHOD_MATCH = YES;
				COPY_PHASE_STRIP = NO;
				DEBUG_INFORMATION_FORMAT = "dwarf-with-dsym";
				ENABLE_NS_ASSERTIONS = NO;
				ENABLE_STRICT_OBJC_MSGSEND = YES;
				GCC_C_LANGUAGE_STANDARD = gnu11;
				GCC_NO_COMMON_BLOCKS = YES;
				GCC_WARN_64_TO_32_BIT_CONVERSION = YES;
				GCC_WARN_ABOUT_RETURN_TYPE = YES_ERROR;
				GCC_WARN_UNDECLARED_SELECTOR = YES;
				GCC_WARN_UNINITIALIZED_AUTOS = YES_AGGRESSIVE;
				GCC_WARN_UNUSED_FUNCTION = YES;
				GCC_WARN_UNUSED_VARIABLE = YES;
				IPHONEOS_DEPLOYMENT_TARGET = 13.6;
				MTL_ENABLE_DEBUG_INFO = NO;
				MTL_FAST_MATH = YES;
				SDKROOT = iphoneos;
				SWIFT_COMPILATION_MODE = wholemodule;
				SWIFT_OPTIMIZATION_LEVEL = "-O";
				VALIDATE_PRODUCT = YES;
			};
			name = Release;
		};
		237E9BD82575068B006232F5 /* Debug */ = {
			isa = XCBuildConfiguration;
			buildSettings = {
				ASSETCATALOG_COMPILER_APPICON_NAME = AppIcon;
				CODE_SIGN_STYLE = Automatic;
				INFOPLIST_FILE = Quizzlet2/Info.plist;
				LD_RUNPATH_SEARCH_PATHS = (
					"$(inherited)",
					"@executable_path/Frameworks",
				);
				PRODUCT_BUNDLE_IDENTIFIER = KBTU.Quizzlet2;
				PRODUCT_NAME = "$(TARGET_NAME)";
				SWIFT_VERSION = 5.0;
				TARGETED_DEVICE_FAMILY = "1,2";
			};
			name = Debug;
		};
		237E9BD92575068B006232F5 /* Release */ = {
			isa = XCBuildConfiguration;
			buildSettings = {
				ASSETCATALOG_COMPILER_APPICON_NAME = AppIcon;
				CODE_SIGN_STYLE = Automatic;
				INFOPLIST_FILE = Quizzlet2/Info.plist;
				LD_RUNPATH_SEARCH_PATHS = (
					"$(inherited)",
					"@executable_path/Frameworks",
				);
				PRODUCT_BUNDLE_IDENTIFIER = KBTU.Quizzlet2;
				PRODUCT_NAME = "$(TARGET_NAME)";
				SWIFT_VERSION = 5.0;
				TARGETED_DEVICE_FAMILY = "1,2";
			};
			name = Release;
		};
/* End XCBuildConfiguration section */

/* Begin XCConfigurationList section */
		237E9BBE2575068A006232F5 /* Build configuration list for PBXProject "Quizzlet2" */ = {
			isa = XCConfigurationList;
			buildConfigurations = (
				237E9BD52575068B006232F5 /* Debug */,
				237E9BD62575068B006232F5 /* Release */,
			);
			defaultConfigurationIsVisible = 0;
			defaultConfigurationName = Release;
		};
		237E9BD72575068B006232F5 /* Build configuration list for PBXNativeTarget "Quizzlet2" */ = {
			isa = XCConfigurationList;
			buildConfigurations = (
				237E9BD82575068B006232F5 /* Debug */,
				237E9BD92575068B006232F5 /* Release */,
			);
			defaultConfigurationIsVisible = 0;
			defaultConfigurationName = Release;
		};
/* End XCConfigurationList section */
	};
	rootObject = 237E9BBB2575068A006232F5 /* Project object */;
}
